{
  "name": "cnpjbycountry",
  "lockfileVersion": 3,
  "requires": true,
  "packages": {
    "": {
      "dependencies": {
        "firebase": "^10.7.1"
      }
    },
    "node_modules/@fastify/busboy": {
      "version": "2.1.0",
      "license": "MIT",
      "engines": {
        "node": ">=14"
      }
    },
    "node_modules/@firebase/analytics": {
      "version": "0.10.0",
      "license": "Apache-2.0",
      "dependencies": {
        "@firebase/component": "0.6.4",
        "@firebase/installations": "0.6.4",
        "@firebase/logger": "0.4.0",
        "@firebase/util": "1.9.3",
        "tslib": "^2.1.0"
      },
      "peerDependencies": {
        "@firebase/app": "0.x"
      }
    },
    "node_modules/@firebase/analytics-compat": {
      "version": "0.2.6",
      "license": "Apache-2.0",
      "dependencies": {
        "@firebase/analytics": "0.10.0",
        "@firebase/analytics-types": "0.8.0",
        "@firebase/component": "0.6.4",
        "@firebase/util": "1.9.3",
        "tslib": "^2.1.0"
      },
      "peerDependencies": {
        "@firebase/app-compat": "0.x"
      }
    },
    "node_modules/@firebase/analytics-types": {
      "version": "0.8.0",
      "license": "Apache-2.0"
    },
    "node_modules/@firebase/app": {
      "version": "0.9.25",
      "license": "Apache-2.0",
      "dependencies": {
        "@firebase/component": "0.6.4",
        "@firebase/logger": "0.4.0",
        "@firebase/util": "1.9.3",
        "idb": "7.1.1",
        "tslib": "^2.1.0"
      }
    },
    "node_modules/@firebase/app-check": {
      "version": "0.8.1",
      "license": "Apache-2.0",
      "dependencies": {
        "@firebase/component": "0.6.4",
        "@firebase/logger": "0.4.0",
        "@firebase/util": "1.9.3",
        "tslib": "^2.1.0"
      },
      "peerDependencies": {
        "@firebase/app": "0.x"
      }
    },
    "node_modules/@firebase/app-check-compat": {
      "version": "0.3.8",
      "license": "Apache-2.0",
      "dependencies": {
        "@firebase/app-check": "0.8.1",
        "@firebase/app-check-types": "0.5.0",
        "@firebase/component": "0.6.4",
        "@firebase/logger": "0.4.0",
        "@firebase/util": "1.9.3",
        "tslib": "^2.1.0"
      },
      "peerDependencies": {
        "@firebase/app-compat": "0.x"
      }
    },
    "node_modules/@firebase/app-check-interop-types": {
      "version": "0.3.0",
      "license": "Apache-2.0"
    },
    "node_modules/@firebase/app-check-types": {
      "version": "0.5.0",
      "license": "Apache-2.0"
    },
    "node_modules/@firebase/app-compat": {
      "version": "0.2.25",
      "license": "Apache-2.0",
      "dependencies": {
        "@firebase/app": "0.9.25",
        "@firebase/component": "0.6.4",
        "@firebase/logger": "0.4.0",
        "@firebase/util": "1.9.3",
        "tslib": "^2.1.0"
      }
    },
    "node_modules/@firebase/app-types": {
      "version": "0.9.0",
      "license": "Apache-2.0"
    },
    "node_modules/@firebase/auth": {
      "version": "1.5.1",
      "resolved": "https://registry.npmjs.org/@firebase/auth/-/auth-1.5.1.tgz",
      "integrity": "sha512-sVi7rq2YneLGJFqHa5S6nDfCHix9yuVV3RLhj/pWPlB4a36ofXal4E6PJwpeMc8uLjWEr1aovYN1jkXWNB6Avw==",
      "dependencies": {
        "@firebase/component": "0.6.4",
        "@firebase/logger": "0.4.0",
        "@firebase/util": "1.9.3",
        "tslib": "^2.1.0",
        "undici": "5.26.5"
      },
      "peerDependencies": {
        "@firebase/app": "0.x",
        "@react-native-async-storage/async-storage": "^1.18.1"
      },
      "peerDependenciesMeta": {
        "@react-native-async-storage/async-storage": {
          "optional": true
        }
      }
    },
    "node_modules/@firebase/auth-compat": {
      "version": "0.5.1",
      "license": "Apache-2.0",
      "dependencies": {
        "@firebase/auth": "1.5.1",
        "@firebase/auth-types": "0.12.0",
        "@firebase/component": "0.6.4",
        "@firebase/util": "1.9.3",
        "tslib": "^2.1.0",
        "undici": "5.26.5"
      },
      "peerDependencies": {
        "@firebase/app-compat": "0.x"
      }
    },
    "node_modules/@firebase/auth-interop-types": {
      "version": "0.2.1",
      "license": "Apache-2.0"
    },
    "node_modules/@firebase/auth-types": {
      "version": "0.12.0",
      "license": "Apache-2.0",
      "peerDependencies": {
        "@firebase/app-types": "0.x",
        "@firebase/util": "1.x"
      }
    },
    "node_modules/@firebase/auth/node_modules/undici": {
      "version": "5.26.5",
      "resolved": "https://registry.npmjs.org/undici/-/undici-5.26.5.tgz",
      "integrity": "sha512-cSb4bPFd5qgR7qr2jYAi0hlX9n5YKK2ONKkLFkxl+v/9BvC0sOpZjBHDBSXc5lWAf5ty9oZdRXytBIHzgUcerw==",
      "dependencies": {
        "@fastify/busboy": "^2.0.0"
      },
      "engines": {
        "node": ">=14.0"
      }
    },
    "node_modules/@firebase/component": {
      "version": "0.6.4",
      "license": "Apache-2.0",
      "dependencies": {
        "@firebase/util": "1.9.3",
        "tslib": "^2.1.0"
      }
    },
    "node_modules/@firebase/database": {
      "version": "1.0.2",
      "resolved": "https://registry.npmjs.org/@firebase/database/-/database-1.0.2.tgz",
      "integrity": "sha512-8X6NBJgUQzDz0xQVaCISoOLINKat594N2eBbMR3Mu/MH/ei4WM+aAMlsNzngF22eljXu1SILP5G3evkyvsG3Ng==",
      "dependencies": {
        "@firebase/app-check-interop-types": "0.3.0",
        "@firebase/auth-interop-types": "0.2.1",
        "@firebase/component": "0.6.4",
        "@firebase/logger": "0.4.0",
        "@firebase/util": "1.9.3",
        "faye-websocket": "0.11.4",
        "tslib": "^2.1.0"
      }
    },
    "node_modules/@firebase/database-compat": {
      "version": "1.0.2",
      "license": "Apache-2.0",
      "dependencies": {
        "@firebase/component": "0.6.4",
        "@firebase/database": "1.0.2",
        "@firebase/database-types": "1.0.0",
        "@firebase/logger": "0.4.0",
        "@firebase/util": "1.9.3",
        "tslib": "^2.1.0"
      }
    },
    "node_modules/@firebase/database-types": {
      "version": "1.0.0",
      "license": "Apache-2.0",
      "dependencies": {
        "@firebase/app-types": "0.9.0",
        "@firebase/util": "1.9.3"
      }
    },
    "node_modules/@firebase/firestore": {
      "version": "4.4.0",
      "resolved": "https://registry.npmjs.org/@firebase/firestore/-/firestore-4.4.0.tgz",
      "integrity": "sha512-VeDXD9PUjvcWY1tInBOMTIu2pijR3YYy+QAe5cxCo1Q1vW+aA/mpQHhebPM1J6b4Zd1MuUh8xpBRvH9ujKR56A==",
      "dependencies": {
        "@firebase/component": "0.6.4",
        "@firebase/logger": "0.4.0",
        "@firebase/util": "1.9.3",
        "@firebase/webchannel-wrapper": "0.10.5",
        "@grpc/grpc-js": "~1.9.0",
        "@grpc/proto-loader": "^0.7.8",
        "tslib": "^2.1.0",
        "undici": "5.26.5"
      },
      "engines": {
        "node": ">=10.10.0"
      },
      "peerDependencies": {
        "@firebase/app": "0.x"
      }
    },
    "node_modules/@firebase/firestore-compat": {
      "version": "0.3.23",
      "license": "Apache-2.0",
      "dependencies": {
        "@firebase/component": "0.6.4",
        "@firebase/firestore": "4.4.0",
        "@firebase/firestore-types": "3.0.0",
        "@firebase/util": "1.9.3",
        "tslib": "^2.1.0"
      },
      "peerDependencies": {
        "@firebase/app-compat": "0.x"
      }
    },
    "node_modules/@firebase/firestore-types": {
      "version": "3.0.0",
      "license": "Apache-2.0",
      "peerDependencies": {
        "@firebase/app-types": "0.x",
        "@firebase/util": "1.x"
      }
    },
    "node_modules/@firebase/firestore/node_modules/@grpc/grpc-js": {
      "version": "1.9.13",
      "resolved": "https://registry.npmjs.org/@grpc/grpc-js/-/grpc-js-1.9.13.tgz",
      "integrity": "sha512-OEZZu9v9AA+7/tghMDE8o5DAMD5THVnwSqDWuh7PPYO5287rTyqy0xEHT6/e4pbqSrhyLPdQFsam4TwFQVVIIw==",
      "dependencies": {
        "@grpc/proto-loader": "^0.7.8",
        "@types/node": ">=12.12.47"
      },
      "engines": {
        "node": "^8.13.0 || >=10.10.0"
      }
    },
    "node_modules/@firebase/firestore/node_modules/@types/node": {
      "version": "20.10.6",
      "resolved": "https://registry.npmjs.org/@types/node/-/node-20.10.6.tgz",
      "integrity": "sha512-Vac8H+NlRNNlAmDfGUP7b5h/KA+AtWIzuXy0E6OyP8f1tCLYAtPvKRRDJjAPqhpCb0t6U2j7/xqAuLEebW2kiw==",
      "dependencies": {
        "undici-types": "~5.26.4"
      }
    },
    "node_modules/@firebase/firestore/node_modules/undici": {
      "version": "5.26.5",
      "resolved": "https://registry.npmjs.org/undici/-/undici-5.26.5.tgz",
      "integrity": "sha512-cSb4bPFd5qgR7qr2jYAi0hlX9n5YKK2ONKkLFkxl+v/9BvC0sOpZjBHDBSXc5lWAf5ty9oZdRXytBIHzgUcerw==",
      "dependencies": {
        "@fastify/busboy": "^2.0.0"
      },
      "engines": {
        "node": ">=14.0"
      }
    },
    "node_modules/@firebase/functions": {
      "version": "0.11.0",
      "license": "Apache-2.0",
      "dependencies": {
        "@firebase/app-check-interop-types": "0.3.0",
        "@firebase/auth-interop-types": "0.2.1",
        "@firebase/component": "0.6.4",
        "@firebase/messaging-interop-types": "0.2.0",
        "@firebase/util": "1.9.3",
        "tslib": "^2.1.0",
        "undici": "5.26.5"
      },
      "peerDependencies": {
        "@firebase/app": "0.x"
      }
    },
    "node_modules/@firebase/functions-compat": {
      "version": "0.3.6",
      "license": "Apache-2.0",
      "dependencies": {
        "@firebase/component": "0.6.4",
        "@firebase/functions": "0.11.0",
        "@firebase/functions-types": "0.6.0",
        "@firebase/util": "1.9.3",
        "tslib": "^2.1.0"
      },
      "peerDependencies": {
        "@firebase/app-compat": "0.x"
      }
    },
    "node_modules/@firebase/functions-types": {
      "version": "0.6.0",
      "license": "Apache-2.0"
    },
    "node_modules/@firebase/installations": {
      "version": "0.6.4",
      "license": "Apache-2.0",
      "dependencies": {
        "@firebase/component": "0.6.4",
        "@firebase/util": "1.9.3",
        "idb": "7.0.1",
        "tslib": "^2.1.0"
      },
      "peerDependencies": {
        "@firebase/app": "0.x"
      }
    },
    "node_modules/@firebase/installations-compat": {
      "version": "0.2.4",
      "license": "Apache-2.0",
      "dependencies": {
        "@firebase/component": "0.6.4",
        "@firebase/installations": "0.6.4",
        "@firebase/installations-types": "0.5.0",
        "@firebase/util": "1.9.3",
        "tslib": "^2.1.0"
      },
      "peerDependencies": {
        "@firebase/app-compat": "0.x"
      }
    },
    "node_modules/@firebase/installations-types": {
      "version": "0.5.0",
      "license": "Apache-2.0",
      "peerDependencies": {
        "@firebase/app-types": "0.x"
      }
    },
    "node_modules/@firebase/installations/node_modules/idb": {
      "version": "7.0.1",
      "license": "ISC"
    },
    "node_modules/@firebase/logger": {
      "version": "0.4.0",
      "license": "Apache-2.0",
      "dependencies": {
        "tslib": "^2.1.0"
      }
    },
    "node_modules/@firebase/messaging": {
      "version": "0.12.5",
      "license": "Apache-2.0",
      "dependencies": {
        "@firebase/component": "0.6.4",
        "@firebase/installations": "0.6.4",
        "@firebase/messaging-interop-types": "0.2.0",
        "@firebase/util": "1.9.3",
        "idb": "7.1.1",
        "tslib": "^2.1.0"
      },
      "peerDependencies": {
        "@firebase/app": "0.x"
      }
    },
    "node_modules/@firebase/messaging-compat": {
      "version": "0.2.5",
      "license": "Apache-2.0",
      "dependencies": {
        "@firebase/component": "0.6.4",
        "@firebase/messaging": "0.12.5",
        "@firebase/util": "1.9.3",
        "tslib": "^2.1.0"
      },
      "peerDependencies": {
        "@firebase/app-compat": "0.x"
      }
    },
    "node_modules/@firebase/messaging-interop-types": {
      "version": "0.2.0",
      "license": "Apache-2.0"
    },
    "node_modules/@firebase/performance": {
      "version": "0.6.4",
      "license": "Apache-2.0",
      "dependencies": {
        "@firebase/component": "0.6.4",
        "@firebase/installations": "0.6.4",
        "@firebase/logger": "0.4.0",
        "@firebase/util": "1.9.3",
        "tslib": "^2.1.0"
      },
      "peerDependencies": {
        "@firebase/app": "0.x"
      }
    },
    "node_modules/@firebase/performance-compat": {
      "version": "0.2.4",
      "license": "Apache-2.0",
      "dependencies": {
        "@firebase/component": "0.6.4",
        "@firebase/logger": "0.4.0",
        "@firebase/performance": "0.6.4",
        "@firebase/performance-types": "0.2.0",
        "@firebase/util": "1.9.3",
        "tslib": "^2.1.0"
      },
      "peerDependencies": {
        "@firebase/app-compat": "0.x"
      }
    },
    "node_modules/@firebase/performance-types": {
      "version": "0.2.0",
      "license": "Apache-2.0"
    },
    "node_modules/@firebase/remote-config": {
      "version": "0.4.4",
      "license": "Apache-2.0",
      "dependencies": {
        "@firebase/component": "0.6.4",
        "@firebase/installations": "0.6.4",
        "@firebase/logger": "0.4.0",
        "@firebase/util": "1.9.3",
        "tslib": "^2.1.0"
      },
      "peerDependencies": {
        "@firebase/app": "0.x"
      }
    },
    "node_modules/@firebase/remote-config-compat": {
      "version": "0.2.4",
      "license": "Apache-2.0",
      "dependencies": {
        "@firebase/component": "0.6.4",
        "@firebase/logger": "0.4.0",
        "@firebase/remote-config": "0.4.4",
        "@firebase/remote-config-types": "0.3.0",
        "@firebase/util": "1.9.3",
        "tslib": "^2.1.0"
      },
      "peerDependencies": {
        "@firebase/app-compat": "0.x"
      }
    },
    "node_modules/@firebase/remote-config-types": {
      "version": "0.3.0",
      "license": "Apache-2.0"
    },
    "node_modules/@firebase/storage": {
      "version": "0.12.0",
      "license": "Apache-2.0",
      "dependencies": {
        "@firebase/component": "0.6.4",
        "@firebase/util": "1.9.3",
        "tslib": "^2.1.0",
        "undici": "5.26.5"
      },
      "peerDependencies": {
        "@firebase/app": "0.x"
      }
    },
    "node_modules/@firebase/storage-compat": {
      "version": "0.3.3",
      "license": "Apache-2.0",
      "dependencies": {
        "@firebase/component": "0.6.4",
        "@firebase/storage": "0.12.0",
        "@firebase/storage-types": "0.8.0",
        "@firebase/util": "1.9.3",
        "tslib": "^2.1.0"
      },
      "peerDependencies": {
        "@firebase/app-compat": "0.x"
      }
    },
    "node_modules/@firebase/storage-types": {
      "version": "0.8.0",
      "license": "Apache-2.0",
      "peerDependencies": {
        "@firebase/app-types": "0.x",
        "@firebase/util": "1.x"
      }
    },
    "node_modules/@firebase/util": {
      "version": "1.9.3",
      "license": "Apache-2.0",
      "dependencies": {
        "tslib": "^2.1.0"
      }
    },
    "node_modules/@firebase/webchannel-wrapper": {
      "version": "0.10.5",
      "license": "Apache-2.0"
    },
    "node_modules/@grpc/proto-loader": {
      "version": "0.7.10",
      "license": "Apache-2.0",
      "dependencies": {
        "lodash.camelcase": "^4.3.0",
        "long": "^5.0.0",
        "protobufjs": "^7.2.4",
        "yargs": "^17.7.2"
      },
      "bin": {
        "proto-loader-gen-types": "build/bin/proto-loader-gen-types.js"
      },
      "engines": {
        "node": ">=6"
      }
    },
    "node_modules/faye-websocket": {
      "version": "0.11.4",
      "license": "Apache-2.0",
      "dependencies": {
        "websocket-driver": ">=0.5.1"
      },
      "engines": {
        "node": ">=0.8.0"
      }
    },
    "node_modules/firebase": {
      "version": "10.7.1",
      "resolved": "https://registry.npmjs.org/firebase/-/firebase-10.7.1.tgz",
      "integrity": "sha512-Mlt7y7zQ43FtKp4SCyYie3tnrOL3UMF2XXiV4ZXMrC0d0wtcOYmABuybhkJpJCKILpdekxr39wjnaai0DZlWFg==",
      "dependencies": {
        "@firebase/analytics": "0.10.0",
        "@firebase/analytics-compat": "0.2.6",
        "@firebase/app": "0.9.25",
        "@firebase/app-check": "0.8.1",
        "@firebase/app-check-compat": "0.3.8",
        "@firebase/app-compat": "0.2.25",
        "@firebase/app-types": "0.9.0",
        "@firebase/auth": "1.5.1",
        "@firebase/auth-compat": "0.5.1",
        "@firebase/database": "1.0.2",
        "@firebase/database-compat": "1.0.2",
        "@firebase/firestore": "4.4.0",
        "@firebase/firestore-compat": "0.3.23",
        "@firebase/functions": "0.11.0",
        "@firebase/functions-compat": "0.3.6",
        "@firebase/installations": "0.6.4",
        "@firebase/installations-compat": "0.2.4",
        "@firebase/messaging": "0.12.5",
        "@firebase/messaging-compat": "0.2.5",
        "@firebase/performance": "0.6.4",
        "@firebase/performance-compat": "0.2.4",
        "@firebase/remote-config": "0.4.4",
        "@firebase/remote-config-compat": "0.2.4",
        "@firebase/storage": "0.12.0",
        "@firebase/storage-compat": "0.3.3",
        "@firebase/util": "1.9.3"
      }
    },
    "node_modules/http-parser-js": {
      "version": "0.5.8",
      "license": "MIT"
    },
    "node_modules/idb": {
      "version": "7.1.1",
      "license": "ISC"
    },
    "node_modules/lodash.camelcase": {
      "version": "4.3.0",
      "license": "MIT"
    },
    "node_modules/long": {
      "version": "5.2.3",
      "license": "Apache-2.0"
    },
    "node_modules/protobufjs": {},
    "node_modules/safe-buffer": {
      "version": "5.2.1",
      "funding": [
        {
          "type": "github",
          "url": "https://github.com/sponsors/feross"
        },
        {
          "type": "patreon",
          "url": "https://www.patreon.com/feross"
        },
        {
          "type": "consulting",
          "url": "https://feross.org/support"
        }
      ],
      "license": "MIT"
    },
    "node_modules/tslib": {
      "version": "2.6.2",
      "license": "0BSD"
    },
    "node_modules/undici": {},
    "node_modules/undici-types": {
      "version": "5.26.5",
      "license": "MIT"
    },
    "node_modules/websocket-driver": {
      "version": "0.7.4",
      "license": "Apache-2.0",
      "dependencies": {
        "http-parser-js": ">=0.5.1",
        "safe-buffer": ">=5.1.0",
        "websocket-extensions": ">=0.1.1"
      },
      "engines": {
        "node": ">=0.8.0"
      }
    },
    "node_modules/websocket-extensions": {
      "version": "0.1.4",
      "license": "Apache-2.0",
      "engines": {
        "node": ">=0.8.0"
      }
    },
    "node_modules/yargs": {}
  }
}
